
Microsoft Visual Studio Solution File, Format Version 12.00
# Visual Studio 15
VisualStudioVersion = 15.0.27703.2047
MinimumVisualStudioVersion = 10.0.40219.1
Project("{888888A0-9F3D-457C-B088-3A5042F75D52}") = "ensemble", "ensemble\ensemble.pyproj", "{2338318D-ECA7-4B68-98B3-4179D2E54A8A}"
EndProject
Global
	GlobalSection(SolutionConfigurationPlatforms) = preSolution
		Debug|Any CPU = Debug|Any CPU
		Release|Any CPU = Release|Any CPU
	EndGlobalSection
	GlobalSection(ProjectConfigurationPlatforms) = postSolution
		{2338318D-ECA7-4B68-98B3-4179D2E54A8A}.Debug|Any CPU.ActiveCfg = Debug|Any CPU
		{2338318D-ECA7-4B68-98B3-4179D2E54A8A}.Release|Any CPU.ActiveCfg = Release|Any CPU
	EndGlobalSection
	GlobalSection(SolutionProperties) = preSolution
		HideSolutionNode = FALSE
	EndGlobalSection
	GlobalSection(ExtensibilityGlobals) = postSolution
		SolutionGuid = {D8918B7E-AAA4-4C36-92FB-363478CA5AE9}
	EndGlobalSection
EndGlobal
